{
  "version": "3",
  "packages": {
    "specifiers": {
      "jsr:@std/assert": "jsr:@std/assert@1.0.18",
      "jsr:@std/internal@^1.0.12": "jsr:@std/internal@1.0.12",
      "npm:@supabase/supabase-js@2.92.0": "npm:@supabase/supabase-js@2.92.0"
    },
    "jsr": {
      "@std/assert@1.0.18": {
        "integrity": "270245e9c2c13b446286de475131dc688ca9abcd94fc5db41d43a219b34d1c78",
        "dependencies": [
          "jsr:@std/internal@^1.0.12"
        ]
      },
      "@std/internal@1.0.12": {
        "integrity": "972a634fd5bc34b242024402972cd5143eac68d8dffaca5eaa4dba30ce17b027"
      }
    },
    "npm": {
      "@supabase/auth-js@2.92.0": {
        "integrity": "sha512-lzkE2oaGj94vGa6gJfxSF0c1OcGkAuj1JHL/RqJ0vZuV1j575DhBOVjqk5YkUbVBGK0O1qssAkTxwh1WEiCulA==",
        "dependencies": {
          "tslib": "tslib@2.8.1"
        }
      },
      "@supabase/functions-js@2.92.0": {
        "integrity": "sha512-TwtkoANIAOSvEysJwX8p9R/ymKzj1bJV2DFghc8IBYxYaVKXU3kHgFINyFxBkA+QN4/9U0p1FErpDMEIuqE6Ew==",
        "dependencies": {
          "tslib": "tslib@2.8.1"
        }
      },
      "@supabase/postgrest-js@2.92.0": {
        "integrity": "sha512-46AahNEnS0PpRiZpbnHCTZIPTBxczWFa+p1PcE58Vhd67XKLSQS7f5UwX8RAtx5xG7T9FQl4N7TLfEl+sAWHjg==",
        "dependencies": {
          "tslib": "tslib@2.8.1"
        }
      },
      "@supabase/realtime-js@2.92.0": {
        "integrity": "sha512-bcsSAo8Omx2YrqiEvNn5UIrp3yTipwGfobpcki6nkOfedLIyOqDgm2jyea7eZgzewJLe1j0J7u6ftO4YMN1Pqg==",
        "dependencies": {
          "@types/phoenix": "@types/phoenix@1.6.7",
          "@types/ws": "@types/ws@8.18.1",
          "tslib": "tslib@2.8.1",
          "ws": "ws@8.19.0"
        }
      },
      "@supabase/storage-js@2.92.0": {
        "integrity": "sha512-t404yGdpGyFgS6yBq2lpG0L7w8D8kFeagd2EN7l9gnVSRn94oX+Lvh4g3Jlijr9nnkMYnG+nZXjTeooAxVAjRQ==",
        "dependencies": {
          "iceberg-js": "iceberg-js@0.8.1",
          "tslib": "tslib@2.8.1"
        }
      },
      "@supabase/supabase-js@2.92.0": {
        "integrity": "sha512-hZlOgRvx0zRwPsIXaScWY7JqTvo6rGjrMeia5J4d7Y8cKphBd+cEdot7wnHvQwhZfWqoZVzQRL1m/+VrNiRnwQ==",
        "dependencies": {
          "@supabase/auth-js": "@supabase/auth-js@2.92.0",
          "@supabase/functions-js": "@supabase/functions-js@2.92.0",
          "@supabase/postgrest-js": "@supabase/postgrest-js@2.92.0",
          "@supabase/realtime-js": "@supabase/realtime-js@2.92.0",
          "@supabase/storage-js": "@supabase/storage-js@2.92.0"
        }
      },
      "@types/node@18.16.19": {
        "integrity": "sha512-IXl7o+R9iti9eBW4Wg2hx1xQDig183jj7YLn8F7udNceyfkbn1ZxmzZXuak20gR40D7pIkIY1kYGx5VIGbaHKA==",
        "dependencies": {}
      },
      "@types/phoenix@1.6.7": {
        "integrity": "sha512-oN9ive//QSBkf19rfDv45M7eZPi0eEXylht2OLEXicu5b4KoQ1OzXIw+xDSGWxSxe1JmepRR/ZH283vsu518/Q==",
        "dependencies": {}
      },
      "@types/ws@8.18.1": {
        "integrity": "sha512-ThVF6DCVhA8kUGy+aazFQ4kXQ7E1Ty7A3ypFOe0IcJV8O/M511G99AW24irKrW56Wt44yG9+ij8FaqoBGkuBXg==",
        "dependencies": {
          "@types/node": "@types/node@18.16.19"
        }
      },
      "iceberg-js@0.8.1": {
        "integrity": "sha512-1dhVQZXhcHje7798IVM+xoo/1ZdVfzOMIc8/rgVSijRK38EDqOJoGula9N/8ZI5RD8QTxNQtK/Gozpr+qUqRRA==",
        "dependencies": {}
      },
      "tslib@2.8.1": {
        "integrity": "sha512-oJFu94HQb+KVduSUQL7wnpmqnfmLsOA/nAh6b6EH0wCEoK0/mPeXU6c3wKDV83MkOuHPRHtSXKKU99IBazS/2w==",
        "dependencies": {}
      },
      "ws@8.19.0": {
        "integrity": "sha512-blAT2mjOEIi0ZzruJfIhb3nps74PRWTCz1IjglWEEpQl5XS/UNama6u2/rjFkDDouqr4L67ry+1aGIALViWjDg==",
        "dependencies": {}
      }
    }
  },
  "remote": {},
  "workspace": {
    "packageJson": {
      "dependencies": [
        "npm:typescript@^5.7.2",
        "npm:vite@^7.3.1"
      ]
    },
    "members": {
      "admin_dashboard": {
        "packageJson": {
          "dependencies": [
            "npm:@hookform/resolvers@^3.9.1",
            "npm:@playwright/test@^1.50.1",
            "npm:@supabase/ssr@^0.7.0",
            "npm:@supabase/supabase-js@^2.95.3",
            "npm:@tanstack/react-query@^5.66.0",
            "npm:@testing-library/jest-dom@^6.6.3",
            "npm:@testing-library/react@^16.2.0",
            "npm:@testing-library/user-event@^14.5.2",
            "npm:@types/node@^22.13.1",
            "npm:@types/react-dom@^19.0.3",
            "npm:@types/react@^19.0.8",
            "npm:autoprefixer@^10.4.20",
            "npm:class-variance-authority@^0.7.1",
            "npm:clsx@^2.1.1",
            "npm:eslint-config-next@^16.1.6",
            "npm:eslint@^9.15.0",
            "npm:jest-environment-jsdom@^29.7.0",
            "npm:jest@^29.7.0",
            "npm:lucide-react@^0.476.0",
            "npm:next@^16.1.6",
            "npm:postcss@^8.5.2",
            "npm:prettier-plugin-tailwindcss@^0.6.11",
            "npm:prettier@^3.4.2",
            "npm:react-dom@^19.0.0",
            "npm:react-hook-form@^7.54.2",
            "npm:react@^19.0.0",
            "npm:tailwind-merge@^2.6.0",
            "npm:tailwindcss@^3.4.17",
            "npm:typescript@^5.7.3",
            "npm:zod@^3.24.2"
          ]
        }
      },
      "apps/web": {
        "packageJson": {
          "dependencies": [
            "npm:@supabase/supabase-js@^2.95.2",
            "npm:@tailwindcss/postcss@^4.1.18",
            "npm:@tanstack/react-query@^5.90.20",
            "npm:@types/react-dom@^19.2.3",
            "npm:@types/react@^19.2.13",
            "npm:@typescript-eslint/eslint-plugin@^8.54.0",
            "npm:@typescript-eslint/parser@^8.54.0",
            "npm:@vitejs/plugin-react@^5.1.3",
            "npm:autoprefixer@^10.4.24",
            "npm:eslint-plugin-react-hooks@^7.0.1",
            "npm:eslint-plugin-react-refresh@^0.5.0",
            "npm:eslint@^9.15.0",
            "npm:globals@^17.3.0",
            "npm:i18next@^25.8.4",
            "npm:mapbox-gl@3.18.1",
            "npm:postcss@^8.4.49",
            "npm:react-dom@^19.2.4",
            "npm:react-i18next@^16.5.4",
            "npm:react-router-dom@^7.13.0",
            "npm:react@^19.2.4",
            "npm:tailwindcss@^4.1.18",
            "npm:typescript@^5.7.2",
            "npm:vite@^7.3.1",
            "npm:vitest@^4.0.18",
            "npm:zod@^4.3.6"
          ]
        }
      }
    }
  }
}
